<Solution>
    <Configurations>
        <Platform Name="Any CPU" />
    </Configurations>
    <Folder Name="/src/">
        <Project Path="src/Dosi.Tracker.Domain/Dosi.Tracker.Domain.csproj" />
        <Project Path="src/Dosi.Tracker.Application/Dosi.Tracker.Application.csproj" />
        <Project Path="src/Dosi.Tracker.EntityFrameworkCore/Dosi.Tracker.EntityFrameworkCore.csproj" />
        <Project Path="src/Dosi.Tracker.Domain.Shared/Dosi.Tracker.Domain.Shared.csproj" />
        <Project Path="src/Dosi.Tracker.Application.Contracts/Dosi.Tracker.Application.Contracts.csproj" />
        <Project Path="src/Dosi.Tracker.HttpApi/Dosi.Tracker.HttpApi.csproj" />
        <Project Path="src/Dosi.Tracker.HttpApi.Client/Dosi.Tracker.HttpApi.Client.csproj" />
        <Project Path="src/Dosi.Tracker.HttpApi.Host/Dosi.Tracker.HttpApi.Host.csproj" />
        <Project Path="src/Dosi.Tracker.DbMigrator/Dosi.Tracker.DbMigrator.csproj" />
    </Folder>
    <Folder Name="/test/">
        <Project Path="test/Dosi.Tracker.Application.Tests/Dosi.Tracker.Application.Tests.csproj" />
        <Project Path="test/Dosi.Tracker.EntityFrameworkCore.Tests/Dosi.Tracker.EntityFrameworkCore.Tests.csproj" />
        <Project Path="test/Dosi.Tracker.TestBase/Dosi.Tracker.TestBase.csproj" />
        <Project Path="test/Dosi.Tracker.Domain.Tests/Dosi.Tracker.Domain.Tests.csproj" />
        <Project Path="test/Dosi.Tracker.HttpApi.Client.ConsoleTestApp/Dosi.Tracker.HttpApi.Client.ConsoleTestApp.csproj" />
    </Folder>
</Solution>